
Microsoft Visual Studio Solution File, Format Version 12.00
# Visual Studio Version 17
VisualStudioVersion = 17.14.36408.4
MinimumVisualStudioVersion = 10.0.40219.1
Project("{FAE04EC0-301F-11D3-BF4B-00C04F79EFBC}") = "FleetManagement.API", "FleetManagement.API\FleetManagement.API.csproj", "{D688841A-5588-17A1-C454-551A0C614E92}"
EndProject
Project("{FAE04EC0-301F-11D3-BF4B-00C04F79EFBC}") = "FleetManagement.Tests", "FleetManagement.Tests\FleetManagement.Tests.csproj", "{0FBA9030-0060-2A3E-5338-5439D3183C84}"
EndProject
Global
	GlobalSection(SolutionConfigurationPlatforms) = preSolution
		Debug|Any CPU = Debug|Any CPU
		Release|Any CPU = Release|Any CPU
	EndGlobalSection
	GlobalSection(ProjectConfigurationPlatforms) = postSolution
		{D688841A-5588-17A1-C454-551A0C614E92}.Debug|Any CPU.ActiveCfg = Debug|Any CPU
		{D688841A-5588-17A1-C454-551A0C614E92}.Debug|Any CPU.Build.0 = Debug|Any CPU
		{D688841A-5588-17A1-C454-551A0C614E92}.Release|Any CPU.ActiveCfg = Release|Any CPU
		{D688841A-5588-17A1-C454-551A0C614E92}.Release|Any CPU.Build.0 = Release|Any CPU
		{0FBA9030-0060-2A3E-5338-5439D3183C84}.Debug|Any CPU.ActiveCfg = Debug|Any CPU
		{0FBA9030-0060-2A3E-5338-5439D3183C84}.Debug|Any CPU.Build.0 = Debug|Any CPU
		{0FBA9030-0060-2A3E-5338-5439D3183C84}.Release|Any CPU.ActiveCfg = Release|Any CPU
		{0FBA9030-0060-2A3E-5338-5439D3183C84}.Release|Any CPU.Build.0 = Release|Any CPU
	EndGlobalSection
	GlobalSection(SolutionProperties) = preSolution
		HideSolutionNode = FALSE
	EndGlobalSection
	GlobalSection(ExtensibilityGlobals) = postSolution
		SolutionGuid = {3D349FE3-05AC-46FC-B749-11D5B32A5AA7}
	EndGlobalSection
EndGlobal
